// !$*UTF8*$!
{
	archiveVersion = 1;
	classes = {
	};
	objectVersion = 55;
	objects = {

/* Begin PBXBuildFile section */
		A936F9A529361874003D25F8 /* AppDelegate.swift in Sources */ = {isa = PBXBuildFile; fileRef = A936F9A429361874003D25F8 /* AppDelegate.swift */; };
		A936F9A729361874003D25F8 /* SceneDelegate.swift in Sources */ = {isa = PBXBuildFile; fileRef = A936F9A629361874003D25F8 /* SceneDelegate.swift */; };
		A936F9A929361874003D25F8 /* ViewController.swift in Sources */ = {isa = PBXBuildFile; fileRef = A936F9A829361874003D25F8 /* ViewController.swift */; };
		A936F9AC29361874003D25F8 /* Main.storyboard in Resources */ = {isa = PBXBuildFile; fileRef = A936F9AA29361874003D25F8 /* Main.storyboard */; };
		A936F9AE29361875003D25F8 /* Assets.xcassets in Resources */ = {isa = PBXBuildFile; fileRef = A936F9AD29361875003D25F8 /* Assets.xcassets */; };
		A936F9B129361875003D25F8 /* LaunchScreen.storyboard in Resources */ = {isa = PBXBuildFile; fileRef = A936F9AF29361875003D25F8 /* LaunchScreen.storyboard */; };
		A936F9BC29361875003D25F8 /* TicTacToeTests.swift in Sources */ = {isa = PBXBuildFile; fileRef = A936F9BB29361875003D25F8 /* TicTacToeTests.swift */; };
		A936F9C629361875003D25F8 /* TicTacToeUITests.swift in Sources */ = {isa = PBXBuildFile; fileRef = A936F9C529361875003D25F8 /* TicTacToeUITests.swift */; };
		A936F9C829361875003D25F8 /* TicTacToeUITestsLaunchTests.swift in Sources */ = {isa = PBXBuildFile; fileRef = A936F9C729361875003D25F8 /* TicTacToeUITestsLaunchTests.swift */; };
		A936FA4D293780BB003D25F8 /* datorr.jpeg in Resources */ = {isa = PBXBuildFile; fileRef = A936FA4C293780BB003D25F8 /* datorr.jpeg */; };
		A996FB6729439580004E3A30 /* firstpageViewController.swift in Sources */ = {isa = PBXBuildFile; fileRef = A996FB6629439580004E3A30 /* firstpageViewController.swift */; };
		A996FB6929439C51004E3A30 /* humanPageViewController.swift in Sources */ = {isa = PBXBuildFile; fileRef = A996FB6829439C51004E3A30 /* humanPageViewController.swift */; };
		A996FB6B29439C63004E3A30 /* robotPageViewController.swift in Sources */ = {isa = PBXBuildFile; fileRef = A996FB6A29439C63004E3A30 /* robotPageViewController.swift */; };
		A996FB6D2947A926004E3A30 /* BoardUpdateDelegate.swift in Sources */ = {isa = PBXBuildFile; fileRef = A996FB6C2947A926004E3A30 /* BoardUpdateDelegate.swift */; };
		A9ED1F05294112A400EECAD5 /* Board.swift in Sources */ = {isa = PBXBuildFile; fileRef = A9ED1F04294112A400EECAD5 /* Board.swift */; };
		A9ED1F812941E47300EECAD5 /* Player.swift in Sources */ = {isa = PBXBuildFile; fileRef = A9ED1F802941E47300EECAD5 /* Player.swift */; };
		A9ED1F832941E9BE00EECAD5 /* Robot.swift in Sources */ = {isa = PBXBuildFile; fileRef = A9ED1F822941E9BE00EECAD5 /* Robot.swift */; };
/* End PBXBuildFile section */

/* Begin PBXContainerItemProxy section */
		A936F9B829361875003D25F8 /* PBXContainerItemProxy */ = {
			isa = PBXContainerItemProxy;
			containerPortal = A936F99929361874003D25F8 /* Project object */;
			proxyType = 1;
			remoteGlobalIDString = A936F9A029361874003D25F8;
			remoteInfo = TicTacToe;
		};
		A936F9C229361875003D25F8 /* PBXContainerItemProxy */ = {
			isa = PBXContainerItemProxy;
			containerPortal = A936F99929361874003D25F8 /* Project object */;
			proxyType = 1;
			remoteGlobalIDString = A936F9A029361874003D25F8;
			remoteInfo = TicTacToe;
		};
/* End PBXContainerItemProxy section */

/* Begin PBXFileReference section */
		A936F9A129361874003D25F8 /* TicTacToe.app */ = {isa = PBXFileReference; explicitFileType = wrapper.application; includeInIndex = 0; path = TicTacToe.app; sourceTree = BUILT_PRODUCTS_DIR; };
		A936F9A429361874003D25F8 /* AppDelegate.swift */ = {isa = PBXFileReference; lastKnownFileType = sourcecode.swift; path = AppDelegate.swift; sourceTree = "<group>"; };
		A936F9A629361874003D25F8 /* SceneDelegate.swift */ = {isa = PBXFileReference; lastKnownFileType = sourcecode.swift; path = SceneDelegate.swift; sourceTree = "<group>"; };
		A936F9A829361874003D25F8 /* ViewController.swift */ = {isa = PBXFileReference; lastKnownFileType = sourcecode.swift; path = ViewController.swift; sourceTree = "<group>"; };
		A936F9AB29361874003D25F8 /* Base */ = {isa = PBXFileReference; lastKnownFileType = file.storyboard; name = Base; path = Base.lproj/Main.storyboard; sourceTree = "<group>"; };
		A936F9AD29361875003D25F8 /* Assets.xcassets */ = {isa = PBXFileReference; lastKnownFileType = folder.assetcatalog; path = Assets.xcassets; sourceTree = "<group>"; };
		A936F9B029361875003D25F8 /* Base */ = {isa = PBXFileReference; lastKnownFileType = file.storyboard; name = Base; path = Base.lproj/LaunchScreen.storyboard; sourceTree = "<group>"; };
		A936F9B229361875003D25F8 /* Info.plist */ = {isa = PBXFileReference; lastKnownFileType = text.plist.xml; path = Info.plist; sourceTree = "<group>"; };
		A936F9B729361875003D25F8 /* TicTacToeTests.xctest */ = {isa = PBXFileReference; explicitFileType = wrapper.cfbundle; includeInIndex = 0; path = TicTacToeTests.xctest; sourceTree = BUILT_PRODUCTS_DIR; };
		A936F9BB29361875003D25F8 /* TicTacToeTests.swift */ = {isa = PBXFileReference; lastKnownFileType = sourcecode.swift; path = TicTacToeTests.swift; sourceTree = "<group>"; };
		A936F9C129361875003D25F8 /* TicTacToeUITests.xctest */ = {isa = PBXFileReference; explicitFileType = wrapper.cfbundle; includeInIndex = 0; path = TicTacToeUITests.xctest; sourceTree = BUILT_PRODUCTS_DIR; };
		A936F9C529361875003D25F8 /* TicTacToeUITests.swift */ = {isa = PBXFileReference; lastKnownFileType = sourcecode.swift; path = TicTacToeUITests.swift; sourceTree = "<group>"; };
		A936F9C729361875003D25F8 /* TicTacToeUITestsLaunchTests.swift */ = {isa = PBXFileReference; lastKnownFileType = sourcecode.swift; path = TicTacToeUITestsLaunchTests.swift; sourceTree = "<group>"; };
		A936FA4C293780BB003D25F8 /* datorr.jpeg */ = {isa = PBXFileReference; lastKnownFileType = image.jpeg; path = datorr.jpeg; sourceTree = "<group>"; };
		A996FB6629439580004E3A30 /* firstpageViewController.swift */ = {isa = PBXFileReference; lastKnownFileType = sourcecode.swift; path = firstpageViewController.swift; sourceTree = "<group>"; };
		A996FB6829439C51004E3A30 /* humanPageViewController.swift */ = {isa = PBXFileReference; lastKnownFileType = sourcecode.swift; path = humanPageViewController.swift; sourceTree = "<group>"; };
		A996FB6A29439C63004E3A30 /* robotPageViewController.swift */ = {isa = PBXFileReference; lastKnownFileType = sourcecode.swift; path = robotPageViewController.swift; sourceTree = "<group>"; };
		A996FB6C2947A926004E3A30 /* BoardUpdateDelegate.swift */ = {isa = PBXFileReference; lastKnownFileType = sourcecode.swift; path = BoardUpdateDelegate.swift; sourceTree = "<group>"; };
		A9ED1F04294112A400EECAD5 /* Board.swift */ = {isa = PBXFileReference; lastKnownFileType = sourcecode.swift; path = Board.swift; sourceTree = "<group>"; };
		A9ED1F802941E47300EECAD5 /* Player.swift */ = {isa = PBXFileReference; lastKnownFileType = sourcecode.swift; path = Player.swift; sourceTree = "<group>"; };
		A9ED1F822941E9BE00EECAD5 /* Robot.swift */ = {isa = PBXFileReference; lastKnownFileType = sourcecode.swift; path = Robot.swift; sourceTree = "<group>"; };
/* End PBXFileReference section */

/* Begin PBXFrameworksBuildPhase section */
		A936F99E29361874003D25F8 /* Frameworks */ = {
			isa = PBXFrameworksBuildPhase;
			buildActionMask = 2147483647;
			files = (
			);
			runOnlyForDeploymentPostprocessing = 0;
		};
		A936F9B429361875003D25F8 /* Frameworks */ = {
			isa = PBXFrameworksBuildPhase;
			buildActionMask = 2147483647;
			files = (
			);
			runOnlyForDeploymentPostprocessing = 0;
		};
		A936F9BE29361875003D25F8 /* Frameworks */ = {
			isa = PBXFrameworksBuildPhase;
			buildActionMask = 2147483647;
			files = (
			);
			runOnlyForDeploymentPostprocessing = 0;
		};
/* End PBXFrameworksBuildPhase section */

/* Begin PBXGroup section */
		A936F99829361874003D25F8 = {
			isa = PBXGroup;
			children = (
				A936F9A329361874003D25F8 /* TicTacToe */,
				A936F9BA29361875003D25F8 /* TicTacToeTests */,
				A936F9C429361875003D25F8 /* TicTacToeUITests */,
				A936F9A229361874003D25F8 /* Products */,
			);
			sourceTree = "<group>";
		};
		A936F9A229361874003D25F8 /* Products */ = {
			isa = PBXGroup;
			children = (
				A936F9A129361874003D25F8 /* TicTacToe.app */,
				A936F9B729361875003D25F8 /* TicTacToeTests.xctest */,
				A936F9C129361875003D25F8 /* TicTacToeUITests.xctest */,
			);
			name = Products;
			sourceTree = "<group>";
		};
		A936F9A329361874003D25F8 /* TicTacToe */ = {
			isa = PBXGroup;
			children = (
				A936F9A429361874003D25F8 /* AppDelegate.swift */,
				A936F9A629361874003D25F8 /* SceneDelegate.swift */,
				A9ED1EC5293F5B6A00EECAD5 /* Models */,
				A9ED1EC4293F5B5000EECAD5 /* controllers */,
				A9ED1EC3293F5B3E00EECAD5 /* View */,
				A936F9AD29361875003D25F8 /* Assets.xcassets */,
				A936FA4C293780BB003D25F8 /* datorr.jpeg */,
				A936F9AF29361875003D25F8 /* LaunchScreen.storyboard */,
				A936F9B229361875003D25F8 /* Info.plist */,
			);
			path = TicTacToe;
			sourceTree = "<group>";
		};
		A936F9BA29361875003D25F8 /* TicTacToeTests */ = {
			isa = PBXGroup;
			children = (
				A936F9BB29361875003D25F8 /* TicTacToeTests.swift */,
			);
			path = TicTacToeTests;
			sourceTree = "<group>";
		};
		A936F9C429361875003D25F8 /* TicTacToeUITests */ = {
			isa = PBXGroup;
			children = (
				A936F9C529361875003D25F8 /* TicTacToeUITests.swift */,
				A936F9C729361875003D25F8 /* TicTacToeUITestsLaunchTests.swift */,
			);
			path = TicTacToeUITests;
			sourceTree = "<group>";
		};
		A9ED1EC3293F5B3E00EECAD5 /* View */ = {
			isa = PBXGroup;
			children = (
				A936F9AA29361874003D25F8 /* Main.storyboard */,
			);
			path = View;
			sourceTree = "<group>";
		};
		A9ED1EC4293F5B5000EECAD5 /* controllers */ = {
			isa = PBXGroup;
			children = (
				A936F9A829361874003D25F8 /* ViewController.swift */,
				A996FB6829439C51004E3A30 /* humanPageViewController.swift */,
				A996FB6A29439C63004E3A30 /* robotPageViewController.swift */,
				A996FB6629439580004E3A30 /* firstpageViewController.swift */,
			);
			path = controllers;
			sourceTree = "<group>";
		};
		A9ED1EC5293F5B6A00EECAD5 /* Models */ = {
			isa = PBXGroup;
			children = (
				A9ED1F04294112A400EECAD5 /* Board.swift */,
				A9ED1F802941E47300EECAD5 /* Player.swift */,
				A996FB6C2947A926004E3A30 /* BoardUpdateDelegate.swift */,
				A9ED1F822941E9BE00EECAD5 /* Robot.swift */,
			);
			path = Models;
			sourceTree = "<group>";
		};
/* End PBXGroup section */

/* Begin PBXNativeTarget section */
		A936F9A029361874003D25F8 /* TicTacToe */ = {
			isa = PBXNativeTarget;
			buildConfigurationList = A936F9CB29361875003D25F8 /* Build configuration list for PBXNativeTarget "TicTacToe" */;
			buildPhases = (
				A936F99D29361874003D25F8 /* Sources */,
				A936F99E29361874003D25F8 /* Frameworks */,
				A936F99F29361874003D25F8 /* Resources */,
			);
			buildRules = (
			);
			dependencies = (
			);
			name = TicTacToe;
			productName = TicTacToe;
			productReference = A936F9A129361874003D25F8 /* TicTacToe.app */;
			productType = "com.apple.product-type.application";
		};
		A936F9B629361875003D25F8 /* TicTacToeTests */ = {
			isa = PBXNativeTarget;
			buildConfigurationList = A936F9CE29361875003D25F8 /* Build configuration list for PBXNativeTarget "TicTacToeTests" */;
			buildPhases = (
				A936F9B329361875003D25F8 /* Sources */,
				A936F9B429361875003D25F8 /* Frameworks */,
				A936F9B529361875003D25F8 /* Resources */,
			);
			buildRules = (
			);
			dependencies = (
				A936F9B929361875003D25F8 /* PBXTargetDependency */,
			);
			name = TicTacToeTests;
			productName = TicTacToeTests;
			productReference = A936F9B729361875003D25F8 /* TicTacToeTests.xctest */;
			productType = "com.apple.product-type.bundle.unit-test";
		};
		A936F9C029361875003D25F8 /* TicTacToeUITests */ = {
			isa = PBXNativeTarget;
			buildConfigurationList = A936F9D129361875003D25F8 /* Build configuration list for PBXNativeTarget "TicTacToeUITests" */;
			buildPhases = (
				A936F9BD29361875003D25F8 /* Sources */,
				A936F9BE29361875003D25F8 /* Frameworks */,
				A936F9BF29361875003D25F8 /* Resources */,
			);
			buildRules = (
			);
			dependencies = (
				A936F9C329361875003D25F8 /* PBXTargetDependency */,
			);
			name = TicTacToeUITests;
			productName = TicTacToeUITests;
			productReference = A936F9C129361875003D25F8 /* TicTacToeUITests.xctest */;
			productType = "com.apple.product-type.bundle.ui-testing";
		};
/* End PBXNativeTarget section */

/* Begin PBXProject section */
		A936F99929361874003D25F8 /* Project object */ = {
			isa = PBXProject;
			attributes = {
				BuildIndependentTargetsInParallel = 1;
				LastSwiftUpdateCheck = 1340;
				LastUpgradeCheck = 1340;
				TargetAttributes = {
					A936F9A029361874003D25F8 = {
						CreatedOnToolsVersion = 13.4.1;
					};
					A936F9B629361875003D25F8 = {
						CreatedOnToolsVersion = 13.4.1;
						TestTargetID = A936F9A029361874003D25F8;
					};
					A936F9C029361875003D25F8 = {
						CreatedOnToolsVersion = 13.4.1;
						TestTargetID = A936F9A029361874003D25F8;
					};
				};
			};
			buildConfigurationList = A936F99C29361874003D25F8 /* Build configuration list for PBXProject "TicTacToe" */;
			compatibilityVersion = "Xcode 13.0";
			developmentRegion = en;
			hasScannedForEncodings = 0;
			knownRegions = (
				en,
				Base,
			);
			mainGroup = A936F99829361874003D25F8;
			productRefGroup = A936F9A229361874003D25F8 /* Products */;
			projectDirPath = "";
			projectRoot = "";
			targets = (
				A936F9A029361874003D25F8 /* TicTacToe */,
				A936F9B629361875003D25F8 /* TicTacToeTests */,
				A936F9C029361875003D25F8 /* TicTacToeUITests */,
			);
		};
/* End PBXProject section */

/* Begin PBXResourcesBuildPhase section */
		A936F99F29361874003D25F8 /* Resources */ = {
			isa = PBXResourcesBuildPhase;
			buildActionMask = 2147483647;
			files = (
				A936F9B129361875003D25F8 /* LaunchScreen.storyboard in Resources */,
				A936F9AE29361875003D25F8 /* Assets.xcassets in Resources */,
				A936F9AC29361874003D25F8 /* Main.storyboard in Resources */,
				A936FA4D293780BB003D25F8 /* datorr.jpeg in Resources */,
			);
			runOnlyForDeploymentPostprocessing = 0;
		};
		A936F9B529361875003D25F8 /* Resources */ = {
			isa = PBXResourcesBuildPhase;
			buildActionMask = 2147483647;
			files = (
			);
			runOnlyForDeploymentPostprocessing = 0;
		};
		A936F9BF29361875003D25F8 /* Resources */ = {
			isa = PBXResourcesBuildPhase;
			buildActionMask = 2147483647;
			files = (
			);
			runOnlyForDeploymentPostprocessing = 0;
		};
/* End PBXResourcesBuildPhase section */

/* Begin PBXSourcesBuildPhase section */
		A936F99D29361874003D25F8 /* Sources */ = {
			isa = PBXSourcesBuildPhase;
			buildActionMask = 2147483647;
			files = (
				A936F9A929361874003D25F8 /* ViewController.swift in Sources */,
				A9ED1F812941E47300EECAD5 /* Player.swift in Sources */,
				A996FB6D2947A926004E3A30 /* BoardUpdateDelegate.swift in Sources */,
				A936F9A529361874003D25F8 /* AppDelegate.swift in Sources */,
				A9ED1F05294112A400EECAD5 /* Board.swift in Sources */,
				A996FB6B29439C63004E3A30 /* robotPageViewController.swift in Sources */,
				A9ED1F832941E9BE00EECAD5 /* Robot.swift in Sources */,
				A996FB6929439C51004E3A30 /* humanPageViewController.swift in Sources */,
				A996FB6729439580004E3A30 /* firstpageViewController.swift in Sources */,
				A936F9A729361874003D25F8 /* SceneDelegate.swift in Sources */,
			);
			runOnlyForDeploymentPostprocessing = 0;
		};
		A936F9B329361875003D25F8 /* Sources */ = {
			isa = PBXSourcesBuildPhase;
			buildActionMask = 2147483647;
			files = (
				A936F9BC29361875003D25F8 /* TicTacToeTests.swift in Sources */,
			);
			runOnlyForDeploymentPostprocessing = 0;
		};
		A936F9BD29361875003D25F8 /* Sources */ = {
			isa = PBXSourcesBuildPhase;
			buildActionMask = 2147483647;
			files = (
				A936F9C629361875003D25F8 /* TicTacToeUITests.swift in Sources */,
				A936F9C829361875003D25F8 /* TicTacToeUITestsLaunchTests.swift in Sources */,
			);
			runOnlyForDeploymentPostprocessing = 0;
		};
/* End PBXSourcesBuildPhase section */

/* Begin PBXTargetDependency section */
		A936F9B929361875003D25F8 /* PBXTargetDependency */ = {
			isa = PBXTargetDependency;
			target = A936F9A029361874003D25F8 /* TicTacToe */;
			targetProxy = A936F9B829361875003D25F8 /* PBXContainerItemProxy */;
		};
		A936F9C329361875003D25F8 /* PBXTargetDependency */ = {
			isa = PBXTargetDependency;
			target = A936F9A029361874003D25F8 /* TicTacToe */;
			targetProxy = A936F9C229361875003D25F8 /* PBXContainerItemProxy */;
		};
/* End PBXTargetDependency section */

/* Begin PBXVariantGroup section */
		A936F9AA29361874003D25F8 /* Main.storyboard */ = {
			isa = PBXVariantGroup;
			children = (
				A936F9AB29361874003D25F8 /* Base */,
			);
			name = Main.storyboard;
			sourceTree = "<group>";
		};
		A936F9AF29361875003D25F8 /* LaunchScreen.storyboard */ = {
			isa = PBXVariantGroup;
			children = (
				A936F9B029361875003D25F8 /* Base */,
			);
			name = LaunchScreen.storyboard;
			sourceTree = "<group>";
		};
/* End PBXVariantGroup section */

/* Begin XCBuildConfiguration section */
		A936F9C929361875003D25F8 /* Debug */ = {
			isa = XCBuildConfiguration;
			buildSettings = {
				ALWAYS_SEARCH_USER_PATHS = NO;
				CLANG_ANALYZER_NONNULL = YES;
				CLANG_ANALYZER_NUMBER_OBJECT_CONVERSION = YES_AGGRESSIVE;
				CLANG_CXX_LANGUAGE_STANDARD = "gnu++17";
				CLANG_ENABLE_MODULES = YES;
				CLANG_ENABLE_OBJC_ARC = YES;
				CLANG_ENABLE_OBJC_WEAK = YES;
				CLANG_WARN_BLOCK_CAPTURE_AUTORELEASING = YES;
				CLANG_WARN_BOOL_CONVERSION = YES;
				CLANG_WARN_COMMA = YES;
				CLANG_WARN_CONSTANT_CONVERSION = YES;
				CLANG_WARN_DEPRECATED_OBJC_IMPLEMENTATIONS = YES;
				CLANG_WARN_DIRECT_OBJC_ISA_USAGE = YES_ERROR;
				CLANG_WARN_DOCUMENTATION_COMMENTS = YES;
				CLANG_WARN_EMPTY_BODY = YES;
				CLANG_WARN_ENUM_CONVERSION = YES;
				CLANG_WARN_INFINITE_RECURSION = YES;
				CLANG_WARN_INT_CONVERSION = YES;
				CLANG_WARN_NON_LITERAL_NULL_CONVERSION = YES;
				CLANG_WARN_OBJC_IMPLICIT_RETAIN_SELF = YES;
				CLANG_WARN_OBJC_LITERAL_CONVERSION = YES;
				CLANG_WARN_OBJC_ROOT_CLASS = YES_ERROR;
				CLANG_WARN_QUOTED_INCLUDE_IN_FRAMEWORK_HEADER = YES;
				CLANG_WARN_RANGE_LOOP_ANALYSIS = YES;
				CLANG_WARN_STRICT_PROTOTYPES = YES;
				CLANG_WARN_SUSPICIOUS_MOVE = YES;
				CLANG_WARN_UNGUARDED_AVAILABILITY = YES_AGGRESSIVE;
				CLANG_WARN_UNREACHABLE_CODE = YES;
				CLANG_WARN__DUPLICATE_METHOD_MATCH = YES;
				COPY_PHASE_STRIP = NO;
				DEBUG_INFORMATION_FORMAT = dwarf;
				ENABLE_STRICT_OBJC_MSGSEND = YES;
				ENABLE_TESTABILITY = YES;
				GCC_C_LANGUAGE_STANDARD = gnu11;
				GCC_DYNAMIC_NO_PIC = NO;
				GCC_NO_COMMON_BLOCKS = YES;
				GCC_OPTIMIZATION_LEVEL = 0;
				GCC_PREPROCESSOR_DEFINITIONS = (
					"DEBUG=1",
					"$(inherited)",
				);
				GCC_WARN_64_TO_32_BIT_CONVERSION = YES;
				GCC_WARN_ABOUT_RETURN_TYPE = YES_ERROR;
				GCC_WARN_UNDECLARED_SELECTOR = YES;
				GCC_WARN_UNINITIALIZED_AUTOS = YES_AGGRESSIVE;
				GCC_WARN_UNUSED_FUNCTION = YES;
				GCC_WARN_UNUSED_VARIABLE = YES;
				IPHONEOS_DEPLOYMENT_TARGET = 15.5;
				MTL_ENABLE_DEBUG_INFO = INCLUDE_SOURCE;
				MTL_FAST_MATH = YES;
				ONLY_ACTIVE_ARCH = YES;
				SDKROOT = iphoneos;
				SWIFT_ACTIVE_COMPILATION_CONDITIONS = DEBUG;
				SWIFT_OPTIMIZATION_LEVEL = "-Onone";
			};
			name = Debug;
		};
		A936F9CA29361875003D25F8 /* Release */ = {
			isa = XCBuildConfiguration;
			buildSettings = {
				ALWAYS_SEARCH_USER_PATHS = NO;
				CLANG_ANALYZER_NONNULL = YES;
				CLANG_ANALYZER_NUMBER_OBJECT_CONVERSION = YES_AGGRESSIVE;
				CLANG_CXX_LANGUAGE_STANDARD = "gnu++17";
				CLANG_ENABLE_MODULES = YES;
				CLANG_ENABLE_OBJC_ARC = YES;
				CLANG_ENABLE_OBJC_WEAK = YES;
				CLANG_WARN_BLOCK_CAPTURE_AUTORELEASING = YES;
				CLANG_WARN_BOOL_CONVERSION = YES;
				CLANG_WARN_COMMA = YES;
				CLANG_WARN_CONSTANT_CONVERSION = YES;
				CLANG_WARN_DEPRECATED_OBJC_IMPLEMENTATIONS = YES;
				CLANG_WARN_DIRECT_OBJC_ISA_USAGE = YES_ERROR;
				CLANG_WARN_DOCUMENTATION_COMMENTS = YES;
				CLANG_WARN_EMPTY_BODY = YES;
				CLANG_WARN_ENUM_CONVERSION = YES;
				CLANG_WARN_INFINITE_RECURSION = YES;
				CLANG_WARN_INT_CONVERSION = YES;
				CLANG_WARN_NON_LITERAL_NULL_CONVERSION = YES;
				CLANG_WARN_OBJC_IMPLICIT_RETAIN_SELF = YES;
				CLANG_WARN_OBJC_LITERAL_CONVERSION = YES;
				CLANG_WARN_OBJC_ROOT_CLASS = YES_ERROR;
				CLANG_WARN_QUOTED_INCLUDE_IN_FRAMEWORK_HEADER = YES;
				CLANG_WARN_RANGE_LOOP_ANALYSIS = YES;
				CLANG_WARN_STRICT_PROTOTYPES = YES;
				CLANG_WARN_SUSPICIOUS_MOVE = YES;
				CLANG_WARN_UNGUARDED_AVAILABILITY = YES_AGGRESSIVE;
				CLANG_WARN_UNREACHABLE_CODE = YES;
				CLANG_WARN__DUPLICATE_METHOD_MATCH = YES;
				COPY_PHASE_STRIP = NO;
				DEBUG_INFORMATION_FORMAT = "dwarf-with-dsym";
				ENABLE_NS_ASSERTIONS = NO;
				ENABLE_STRICT_OBJC_MSGSEND = YES;
				GCC_C_LANGUAGE_STANDARD = gnu11;
				GCC_NO_COMMON_BLOCKS = YES;
				GCC_WARN_64_TO_32_BIT_CONVERSION = YES;
				GCC_WARN_ABOUT_RETURN_TYPE = YES_ERROR;
				GCC_WARN_UNDECLARED_SELECTOR = YES;
				GCC_WARN_UNINITIALIZED_AUTOS = YES_AGGRESSIVE;
				GCC_WARN_UNUSED_FUNCTION = YES;
				GCC_WARN_UNUSED_VARIABLE = YES;
				IPHONEOS_DEPLOYMENT_TARGET = 15.5;
				MTL_ENABLE_DEBUG_INFO = NO;
				MTL_FAST_MATH = YES;
				SDKROOT = iphoneos;
				SWIFT_COMPILATION_MODE = wholemodule;
				SWIFT_OPTIMIZATION_LEVEL = "-O";
				VALIDATE_PRODUCT = YES;
			};
			name = Release;
		};
		A936F9CC29361875003D25F8 /* Debug */ = {
			isa = XCBuildConfiguration;
			buildSettings = {
				ASSETCATALOG_COMPILER_APPICON_NAME = AppIcon;
				ASSETCATALOG_COMPILER_GLOBAL_ACCENT_COLOR_NAME = AccentColor;
				CODE_SIGN_STYLE = Automatic;
				CURRENT_PROJECT_VERSION = 1;
				DEVELOPMENT_TEAM = L8Z22M8AKC;
				GENERATE_INFOPLIST_FILE = YES;
				INFOPLIST_FILE = TicTacToe/Info.plist;
				INFOPLIST_KEY_UIApplicationSupportsIndirectInputEvents = YES;
				INFOPLIST_KEY_UILaunchStoryboardName = LaunchScreen;
				INFOPLIST_KEY_UIMainStoryboardFile = Main;
				INFOPLIST_KEY_UISupportedInterfaceOrientations_iPad = "UIInterfaceOrientationPortrait UIInterfaceOrientationPortraitUpsideDown UIInterfaceOrientationLandscapeLeft UIInterfaceOrientationLandscapeRight";
				INFOPLIST_KEY_UISupportedInterfaceOrientations_iPhone = "UIInterfaceOrientationPortrait UIInterfaceOrientationLandscapeLeft UIInterfaceOrientationLandscapeRight";
				LD_RUNPATH_SEARCH_PATHS = (
					"$(inherited)",
					"@executable_path/Frameworks",
				);
				MARKETING_VERSION = 1.0;
				PRODUCT_BUNDLE_IDENTIFIER = josefinhellgren.TicTacToe;
				PRODUCT_NAME = "$(TARGET_NAME)";
				SWIFT_EMIT_LOC_STRINGS = YES;
				SWIFT_VERSION = 5.0;
				TARGETED_DEVICE_FAMILY = "1,2";
			};
			name = Debug;
		};
		A936F9CD29361875003D25F8 /* Release */ = {
			isa = XCBuildConfiguration;
			buildSettings = {
				ASSETCATALOG_COMPILER_APPICON_NAME = AppIcon;
				ASSETCATALOG_COMPILER_GLOBAL_ACCENT_COLOR_NAME = AccentColor;
				CODE_SIGN_STYLE = Automatic;
				CURRENT_PROJECT_VERSION = 1;
				DEVELOPMENT_TEAM = L8Z22M8AKC;
				GENERATE_INFOPLIST_FILE = YES;
				INFOPLIST_FILE = TicTacToe/Info.plist;
				INFOPLIST_KEY_UIApplicationSupportsIndirectInputEvents = YES;
				INFOPLIST_KEY_UILaunchStoryboardName = LaunchScreen;
				INFOPLIST_KEY_UIMainStoryboardFile = Main;
				INFOPLIST_KEY_UISupportedInterfaceOrientations_iPad = "UIInterfaceOrientationPortrait UIInterfaceOrientationPortraitUpsideDown UIInterfaceOrientationLandscapeLeft UIInterfaceOrientationLandscapeRight";
				INFOPLIST_KEY_UISupportedInterfaceOrientations_iPhone = "UIInterfaceOrientationPortrait UIInterfaceOrientationLandscapeLeft UIInterfaceOrientationLandscapeRight";
				LD_RUNPATH_SEARCH_PATHS = (
					"$(inherited)",
					"@executable_path/Frameworks",
				);
				MARKETING_VERSION = 1.0;
				PRODUCT_BUNDLE_IDENTIFIER = josefinhellgren.TicTacToe;
				PRODUCT_NAME = "$(TARGET_NAME)";
				SWIFT_EMIT_LOC_STRINGS = YES;
				SWIFT_VERSION = 5.0;
				TARGETED_DEVICE_FAMILY = "1,2";
			};
			name = Release;
		};
		A936F9CF29361875003D25F8 /* Debug */ = {
			isa = XCBuildConfiguration;
			buildSettings = {
				ALWAYS_EMBED_SWIFT_STANDARD_LIBRARIES = YES;
				BUNDLE_LOADER = "$(TEST_HOST)";
				CODE_SIGN_STYLE = Automatic;
				CURRENT_PROJECT_VERSION = 1;
				GENERATE_INFOPLIST_FILE = YES;
				IPHONEOS_DEPLOYMENT_TARGET = 15.5;
				MARKETING_VERSION = 1.0;
				PRODUCT_BUNDLE_IDENTIFIER = com.example.TicTacToeTests;
				PRODUCT_NAME = "$(TARGET_NAME)";
				SWIFT_EMIT_LOC_STRINGS = NO;
				SWIFT_VERSION = 5.0;
				TARGETED_DEVICE_FAMILY = "1,2";
				TEST_HOST = "$(BUILT_PRODUCTS_DIR)/TicTacToe.app/TicTacToe";
			};
			name = Debug;
		};
		A936F9D029361875003D25F8 /* Release */ = {
			isa = XCBuildConfiguration;
			buildSettings = {
				ALWAYS_EMBED_SWIFT_STANDARD_LIBRARIES = YES;
				BUNDLE_LOADER = "$(TEST_HOST)";
				CODE_SIGN_STYLE = Automatic;
				CURRENT_PROJECT_VERSION = 1;
				GENERATE_INFOPLIST_FILE = YES;
				IPHONEOS_DEPLOYMENT_TARGET = 15.5;
				MARKETING_VERSION = 1.0;
				PRODUCT_BUNDLE_IDENTIFIER = com.example.TicTacToeTests;
				PRODUCT_NAME = "$(TARGET_NAME)";
				SWIFT_EMIT_LOC_STRINGS = NO;
				SWIFT_VERSION = 5.0;
				TARGETED_DEVICE_FAMILY = "1,2";
				TEST_HOST = "$(BUILT_PRODUCTS_DIR)/TicTacToe.app/TicTacToe";
			};
			name = Release;
		};
		A936F9D229361875003D25F8 /* Debug */ = {
			isa = XCBuildConfiguration;
			buildSettings = {
				ALWAYS_EMBED_SWIFT_STANDARD_LIBRARIES = YES;
				CODE_SIGN_STYLE = Automatic;
				CURRENT_PROJECT_VERSION = 1;
				GENERATE_INFOPLIST_FILE = YES;
				MARKETING_VERSION = 1.0;
				PRODUCT_BUNDLE_IDENTIFIER = com.example.TicTacToeUITests;
				PRODUCT_NAME = "$(TARGET_NAME)";
				SWIFT_EMIT_LOC_STRINGS = NO;
				SWIFT_VERSION = 5.0;
				TARGETED_DEVICE_FAMILY = "1,2";
				TEST_TARGET_NAME = TicTacToe;
			};
			name = Debug;
		};
		A936F9D329361875003D25F8 /* Release */ = {
			isa = XCBuildConfiguration;
			buildSettings = {
				ALWAYS_EMBED_SWIFT_STANDARD_LIBRARIES = YES;
				CODE_SIGN_STYLE = Automatic;
				CURRENT_PROJECT_VERSION = 1;
				GENERATE_INFOPLIST_FILE = YES;
				MARKETING_VERSION = 1.0;
				PRODUCT_BUNDLE_IDENTIFIER = com.example.TicTacToeUITests;
				PRODUCT_NAME = "$(TARGET_NAME)";
				SWIFT_EMIT_LOC_STRINGS = NO;
				SWIFT_VERSION = 5.0;
				TARGETED_DEVICE_FAMILY = "1,2";
				TEST_TARGET_NAME = TicTacToe;
			};
			name = Release;
		};
/* End XCBuildConfiguration section */

/* Begin XCConfigurationList section */
		A936F99C29361874003D25F8 /* Build configuration list for PBXProject "TicTacToe" */ = {
			isa = XCConfigurationList;
			buildConfigurations = (
				A936F9C929361875003D25F8 /* Debug */,
				A936F9CA29361875003D25F8 /* Release */,
			);
			defaultConfigurationIsVisible = 0;
			defaultConfigurationName = Release;
		};
		A936F9CB29361875003D25F8 /* Build configuration list for PBXNativeTarget "TicTacToe" */ = {
			isa = XCConfigurationList;
			buildConfigurations = (
				A936F9CC29361875003D25F8 /* Debug */,
				A936F9CD29361875003D25F8 /* Release */,
			);
			defaultConfigurationIsVisible = 0;
			defaultConfigurationName = Release;
		};
		A936F9CE29361875003D25F8 /* Build configuration list for PBXNativeTarget "TicTacToeTests" */ = {
			isa = XCConfigurationList;
			buildConfigurations = (
				A936F9CF29361875003D25F8 /* Debug */,
				A936F9D029361875003D25F8 /* Release */,
			);
			defaultConfigurationIsVisible = 0;
			defaultConfigurationName = Release;
		};
		A936F9D129361875003D25F8 /* Build configuration list for PBXNativeTarget "TicTacToeUITests" */ = {
			isa = XCConfigurationList;
			buildConfigurations = (
				A936F9D229361875003D25F8 /* Debug */,
				A936F9D329361875003D25F8 /* Release */,
			);
			defaultConfigurationIsVisible = 0;
			defaultConfigurationName = Release;
		};
/* End XCConfigurationList section */
	};
	rootObject = A936F99929361874003D25F8 /* Project object */;
}
